// !$*UTF8*$!
{
	archiveVersion = 1;
	classes = {
	};
	objectVersion = 46;
	objects = {

/* Begin PBXBuildFile section */
		B4B143441942572400237852 /* AppDelegate.swift in Sources */ = {isa = PBXBuildFile; fileRef = B4B1433C1942572400237852 /* AppDelegate.swift */; };
		B4B143451942572400237852 /* ArrayUtils.swift in Sources */ = {isa = PBXBuildFile; fileRef = B4B1433D1942572400237852 /* ArrayUtils.swift */; };
		B4B143461942572400237852 /* Main.storyboard in Resources */ = {isa = PBXBuildFile; fileRef = B4B1433E1942572400237852 /* Main.storyboard */; };
		B4B143471942572400237852 /* CLBeaconRegionUtils.swift in Sources */ = {isa = PBXBuildFile; fileRef = B4B143401942572400237852 /* CLBeaconRegionUtils.swift */; };
		B4B143481942572400237852 /* Images.xcassets in Resources */ = {isa = PBXBuildFile; fileRef = B4B143411942572400237852 /* Images.xcassets */; };
		B4B1434A1942572400237852 /* MasterViewController.swift in Sources */ = {isa = PBXBuildFile; fileRef = B4B143431942572400237852 /* MasterViewController.swift */; };
		B4B1434C194257A700237852 /* DetailViewController.swift in Sources */ = {isa = PBXBuildFile; fileRef = B4B1434B194257A700237852 /* DetailViewController.swift */; };
/* End PBXBuildFile section */

/* Begin PBXFileReference section */
		B487A571193D29D70093657F /* ibeaconTester-swift.app */ = {isa = PBXFileReference; explicitFileType = wrapper.application; includeInIndex = 0; path = "ibeaconTester-swift.app"; sourceTree = BUILT_PRODUCTS_DIR; };
		B4B1433C1942572400237852 /* AppDelegate.swift */ = {isa = PBXFileReference; fileEncoding = 4; lastKnownFileType = sourcecode.swift; path = AppDelegate.swift; sourceTree = "<group>"; };
		B4B1433D1942572400237852 /* ArrayUtils.swift */ = {isa = PBXFileReference; fileEncoding = 4; lastKnownFileType = sourcecode.swift; path = ArrayUtils.swift; sourceTree = "<group>"; };
		B4B1433F1942572400237852 /* Base */ = {isa = PBXFileReference; lastKnownFileType = file.storyboard; name = Base; path = Base.lproj/Main.storyboard; sourceTree = "<group>"; };
		B4B143401942572400237852 /* CLBeaconRegionUtils.swift */ = {isa = PBXFileReference; fileEncoding = 4; lastKnownFileType = sourcecode.swift; path = CLBeaconRegionUtils.swift; sourceTree = "<group>"; };
		B4B143411942572400237852 /* Images.xcassets */ = {isa = PBXFileReference; lastKnownFileType = folder.assetcatalog; path = Images.xcassets; sourceTree = "<group>"; };
		B4B143421942572400237852 /* Info.plist */ = {isa = PBXFileReference; fileEncoding = 4; lastKnownFileType = text.plist.xml; path = Info.plist; sourceTree = "<group>"; };
		B4B143431942572400237852 /* MasterViewController.swift */ = {isa = PBXFileReference; fileEncoding = 4; lastKnownFileType = sourcecode.swift; path = MasterViewController.swift; sourceTree = "<group>"; };
		B4B1434B194257A700237852 /* DetailViewController.swift */ = {isa = PBXFileReference; fileEncoding = 4; lastKnownFileType = sourcecode.swift; path = DetailViewController.swift; sourceTree = "<group>"; };
/* End PBXFileReference section */

/* Begin PBXFrameworksBuildPhase section */
		B487A56E193D29D70093657F /* Frameworks */ = {
			isa = PBXFrameworksBuildPhase;
			buildActionMask = 2147483647;
			files = (
			);
			runOnlyForDeploymentPostprocessing = 0;
		};
/* End PBXFrameworksBuildPhase section */

/* Begin PBXGroup section */
		B487A568193D29D70093657F = {
			isa = PBXGroup;
			children = (
				B4B1433B1942572400237852 /* iBeaconTester-swift */,
				B487A572193D29D70093657F /* Products */,
			);
			sourceTree = "<group>";
		};
		B487A572193D29D70093657F /* Products */ = {
			isa = PBXGroup;
			children = (
				B487A571193D29D70093657F /* ibeaconTester-swift.app */,
			);
			name = Products;
			sourceTree = "<group>";
		};
		B4B1433B1942572400237852 /* iBeaconTester-swift */ = {
			isa = PBXGroup;
			children = (
				B4B1433C1942572400237852 /* AppDelegate.swift */,
				B4B1433D1942572400237852 /* ArrayUtils.swift */,
				B4B143401942572400237852 /* CLBeaconRegionUtils.swift */,
				B4B1434B194257A700237852 /* DetailViewController.swift */,
				B4B143411942572400237852 /* Images.xcassets */,
				B4B143421942572400237852 /* Info.plist */,
				B4B1433E1942572400237852 /* Main.storyboard */,
				B4B143431942572400237852 /* MasterViewController.swift */,
			);
			path = "iBeaconTester-swift";
			sourceTree = "<group>";
		};
/* End PBXGroup section */

/* Begin PBXNativeTarget section */
		B487A570193D29D70093657F /* ibeaconTester-swift */ = {
			isa = PBXNativeTarget;
			buildConfigurationList = B487A588193D29D70093657F /* Build configuration list for PBXNativeTarget "ibeaconTester-swift" */;
			buildPhases = (
				B487A56D193D29D70093657F /* Sources */,
				B487A56E193D29D70093657F /* Frameworks */,
				B487A56F193D29D70093657F /* Resources */,
			);
			buildRules = (
			);
			dependencies = (
			);
			name = "ibeaconTester-swift";
			productName = "ibeacon-background-demo-swift";
			productReference = B487A571193D29D70093657F /* ibeaconTester-swift.app */;
			productType = "com.apple.product-type.application";
		};
/* End PBXNativeTarget section */

/* Begin PBXProject section */
		B487A569193D29D70093657F /* Project object */ = {
			isa = PBXProject;
			attributes = {
				LastUpgradeCheck = 0600;
				ORGANIZATIONNAME = "Dominik Pich";
				TargetAttributes = {
					B487A570193D29D70093657F = {
						CreatedOnToolsVersion = 6.0;
						DevelopmentTeam = CM9SK6HD94;
					};
				};
			};
			buildConfigurationList = B487A56C193D29D70093657F /* Build configuration list for PBXProject "ibeaconTester-swift" */;
			compatibilityVersion = "Xcode 3.2";
			developmentRegion = English;
			hasScannedForEncodings = 0;
			knownRegions = (
				en,
				Base,
			);
			mainGroup = B487A568193D29D70093657F;
			productRefGroup = B487A572193D29D70093657F /* Products */;
			projectDirPath = "";
			projectRoot = "";
			targets = (
				B487A570193D29D70093657F /* ibeaconTester-swift */,
			);
		};
/* End PBXProject section */

/* Begin PBXResourcesBuildPhase section */
		B487A56F193D29D70093657F /* Resources */ = {
			isa = PBXResourcesBuildPhase;
			buildActionMask = 2147483647;
			files = (
				B4B143461942572400237852 /* Main.storyboard in Resources */,
				B4B143481942572400237852 /* Images.xcassets in Resources */,
			);
			runOnlyForDeploymentPostprocessing = 0;
		};
/* End PBXResourcesBuildPhase section */

/* Begin PBXSourcesBuildPhase section */
		B487A56D193D29D70093657F /* Sources */ = {
			isa = PBXSourcesBuildPhase;
			buildActionMask = 2147483647;
			files = (
				B4B1434A1942572400237852 /* MasterViewController.swift in Sources */,
				B4B143441942572400237852 /* AppDelegate.swift in Sources */,
				B4B1434C194257A700237852 /* DetailViewController.swift in Sources */,
				B4B143451942572400237852 /* ArrayUtils.swift in Sources */,
				B4B143471942572400237852 /* CLBeaconRegionUtils.swift in Sources */,
			);
			runOnlyForDeploymentPostprocessing = 0;
		};
/* End PBXSourcesBuildPhase section */

/* Begin PBXVariantGroup section */
		B4B1433E1942572400237852 /* Main.storyboard */ = {
			isa = PBXVariantGroup;
			children = (
				B4B1433F1942572400237852 /* Base */,
			);
			name = Main.storyboard;
			sourceTree = "<group>";
		};
/* End PBXVariantGroup section */

/* Begin XCBuildConfiguration section */
		B487A586193D29D70093657F /* Debug */ = {
			isa = XCBuildConfiguration;
			buildSettings = {
				ALWAYS_SEARCH_USER_PATHS = NO;
				CLANG_CXX_LANGUAGE_STANDARD = "gnu++0x";
				CLANG_CXX_LIBRARY = "libc++";
				CLANG_ENABLE_MODULES = YES;
				CLANG_ENABLE_OBJC_ARC = YES;
				CLANG_WARN_BOOL_CONVERSION = YES;
				CLANG_WARN_CONSTANT_CONVERSION = YES;
				CLANG_WARN_DIRECT_OBJC_ISA_USAGE = YES_ERROR;
				CLANG_WARN_EMPTY_BODY = YES;
				CLANG_WARN_ENUM_CONVERSION = YES;
				CLANG_WARN_INT_CONVERSION = YES;
				CLANG_WARN_OBJC_ROOT_CLASS = YES_ERROR;
				CLANG_WARN_UNREACHABLE_CODE = YES;
				CLANG_WARN__DUPLICATE_METHOD_MATCH = YES;
				"CODE_SIGN_IDENTITY[sdk=iphoneos*]" = "iPhone Developer";
				COPY_PHASE_STRIP = NO;
				ENABLE_STRICT_OBJC_MSGSEND = YES;
				GCC_C_LANGUAGE_STANDARD = gnu99;
				GCC_DYNAMIC_NO_PIC = NO;
				GCC_OPTIMIZATION_LEVEL = 0;
				GCC_PREPROCESSOR_DEFINITIONS = (
					"DEBUG=1",
					"$(inherited)",
				);
				GCC_SYMBOLS_PRIVATE_EXTERN = NO;
				GCC_WARN_64_TO_32_BIT_CONVERSION = YES;
				GCC_WARN_ABOUT_RETURN_TYPE = YES_ERROR;
				GCC_WARN_UNDECLARED_SELECTOR = YES;
				GCC_WARN_UNINITIALIZED_AUTOS = YES_AGGRESSIVE;
				GCC_WARN_UNUSED_FUNCTION = YES;
				GCC_WARN_UNUSED_VARIABLE = YES;
				IPHONEOS_DEPLOYMENT_TARGET = 8.0;
				METAL_ENABLE_DEBUG_INFO = YES;
				ONLY_ACTIVE_ARCH = YES;
				SDKROOT = iphoneos;
				SWIFT_OPTIMIZATION_LEVEL = "-Onone";
			};
			name = Debug;
		};
		B487A587193D29D70093657F /* Release */ = {
			isa = XCBuildConfiguration;
			buildSettings = {
				ALWAYS_SEARCH_USER_PATHS = NO;
				CLANG_CXX_LANGUAGE_STANDARD = "gnu++0x";
				CLANG_CXX_LIBRARY = "libc++";
				CLANG_ENABLE_MODULES = YES;
				CLANG_ENABLE_OBJC_ARC = YES;
				CLANG_WARN_BOOL_CONVERSION = YES;
				CLANG_WARN_CONSTANT_CONVERSION = YES;
				CLANG_WARN_DIRECT_OBJC_ISA_USAGE = YES_ERROR;
				CLANG_WARN_EMPTY_BODY = YES;
				CLANG_WARN_ENUM_CONVERSION = YES;
				CLANG_WARN_INT_CONVERSION = YES;
				CLANG_WARN_OBJC_ROOT_CLASS = YES_ERROR;
				CLANG_WARN_UNREACHABLE_CODE = YES;
				CLANG_WARN__DUPLICATE_METHOD_MATCH = YES;
				"CODE_SIGN_IDENTITY[sdk=iphoneos*]" = "iPhone Developer";
				COPY_PHASE_STRIP = YES;
				ENABLE_NS_ASSERTIONS = NO;
				ENABLE_STRICT_OBJC_MSGSEND = YES;
				GCC_C_LANGUAGE_STANDARD = gnu99;
				GCC_WARN_64_TO_32_BIT_CONVERSION = YES;
				GCC_WARN_ABOUT_RETURN_TYPE = YES_ERROR;
				GCC_WARN_UNDECLARED_SELECTOR = YES;
				GCC_WARN_UNINITIALIZED_AUTOS = YES_AGGRESSIVE;
				GCC_WARN_UNUSED_FUNCTION = YES;
				GCC_WARN_UNUSED_VARIABLE = YES;
				IPHONEOS_DEPLOYMENT_TARGET = 8.0;
				METAL_ENABLE_DEBUG_INFO = NO;
				SDKROOT = iphoneos;
				VALIDATE_PRODUCT = YES;
			};
			name = Release;
		};
		B487A589193D29D70093657F /* Debug */ = {
			isa = XCBuildConfiguration;
			buildSettings = {
				ASSETCATALOG_COMPILER_APPICON_NAME = AppIcon;
				ASSETCATALOG_COMPILER_LAUNCHIMAGE_NAME = LaunchImage;
				CODE_SIGN_IDENTITY = "iPhone Developer";
				"CODE_SIGN_IDENTITY[sdk=iphoneos*]" = "iPhone Developer";
				INFOPLIST_FILE = "iBeaconTester-swift/Info.plist";
				LD_RUNPATH_SEARCH_PATHS = "$(inherited) @executable_path/Frameworks";
				PRODUCT_NAME = "ibeaconTester-swift";
				PROVISIONING_PROFILE = "";
			};
			name = Debug;
		};
		B487A58A193D29D70093657F /* Release */ = {
			isa = XCBuildConfiguration;
			buildSettings = {
				ASSETCATALOG_COMPILER_APPICON_NAME = AppIcon;
				ASSETCATALOG_COMPILER_LAUNCHIMAGE_NAME = LaunchImage;
				CODE_SIGN_IDENTITY = "iPhone Developer";
				"CODE_SIGN_IDENTITY[sdk=iphoneos*]" = "iPhone Developer";
				INFOPLIST_FILE = "iBeaconTester-swift/Info.plist";
				LD_RUNPATH_SEARCH_PATHS = "$(inherited) @executable_path/Frameworks";
				PRODUCT_NAME = "ibeaconTester-swift";
				PROVISIONING_PROFILE = "";
			};
			name = Release;
		};
/* End XCBuildConfiguration section */

/* Begin XCConfigurationList section */
		B487A56C193D29D70093657F /* Build configuration list for PBXProject "ibeaconTester-swift" */ = {
			isa = XCConfigurationList;
			buildConfigurations = (
				B487A586193D29D70093657F /* Debug */,
				B487A587193D29D70093657F /* Release */,
			);
			defaultConfigurationIsVisible = 0;
			defaultConfigurationName = Release;
		};
		B487A588193D29D70093657F /* Build configuration list for PBXNativeTarget "ibeaconTester-swift" */ = {
			isa = XCConfigurationList;
			buildConfigurations = (
				B487A589193D29D70093657F /* Debug */,
				B487A58A193D29D70093657F /* Release */,
			);
			defaultConfigurationIsVisible = 0;
			defaultConfigurationName = Release;
		};
/* End XCConfigurationList section */
	};
	rootObject = B487A569193D29D70093657F /* Project object */;
}
